
Microsoft Visual Studio Solution File, Format Version 12.00
# Visual Studio Version 17
VisualStudioVersion = 17.4.33213.308
MinimumVisualStudioVersion = 10.0.40219.1
Project("{FAE04EC0-301F-11D3-BF4B-00C04F79EFBC}") = "IBService", "IBService\IBService.csproj", "{B8304203-60DA-40E7-AEA3-125DEA33804F}"
EndProject
Global
	GlobalSection(SolutionConfigurationPlatforms) = preSolution
		Debug|Any CPU = Debug|Any CPU
		Release|Any CPU = Release|Any CPU
	EndGlobalSection
	GlobalSection(ProjectConfigurationPlatforms) = postSolution
		{B8304203-60DA-40E7-AEA3-125DEA33804F}.Debug|Any CPU.ActiveCfg = Debug|Any CPU
		{B8304203-60DA-40E7-AEA3-125DEA33804F}.Debug|Any CPU.Build.0 = Debug|Any CPU
		{B8304203-60DA-40E7-AEA3-125DEA33804F}.Release|Any CPU.ActiveCfg = Release|Any CPU
		{B8304203-60DA-40E7-AEA3-125DEA33804F}.Release|Any CPU.Build.0 = Release|Any CPU
	EndGlobalSection
	GlobalSection(SolutionProperties) = preSolution
		HideSolutionNode = FALSE
	EndGlobalSection
	GlobalSection(ExtensibilityGlobals) = postSolution
		SolutionGuid = {59264F6D-028E-4454-9607-CC662BD56901}
	EndGlobalSection
EndGlobal
